// !$*UTF8*$!
{
	archiveVersion = 1;
	classes = {
	};
	objectVersion = 51;
	objects = {

/* Begin PBXBuildFile section */
		A29553B427DD504C0072EE9C /* RiseMonitorViewController.swift in Sources */ = {isa = PBXBuildFile; fileRef = A29553B327DD504C0072EE9C /* RiseMonitorViewController.swift */; };
		A2F7388227CE1B480053486E /* AppDelegate.swift in Sources */ = {isa = PBXBuildFile; fileRef = A2F7388127CE1B480053486E /* AppDelegate.swift */; };
		A2F7388427CE1B480053486E /* SceneDelegate.swift in Sources */ = {isa = PBXBuildFile; fileRef = A2F7388327CE1B480053486E /* SceneDelegate.swift */; };
		A2F7388627CE1B480053486E /* ViewController.swift in Sources */ = {isa = PBXBuildFile; fileRef = A2F7388527CE1B480053486E /* ViewController.swift */; };
		A2F7388927CE1B480053486E /* Main.storyboard in Resources */ = {isa = PBXBuildFile; fileRef = A2F7388727CE1B480053486E /* Main.storyboard */; };
		A2F7388B27CE1B4C0053486E /* Assets.xcassets in Resources */ = {isa = PBXBuildFile; fileRef = A2F7388A27CE1B4C0053486E /* Assets.xcassets */; };
		A2F7388E27CE1B4C0053486E /* LaunchScreen.storyboard in Resources */ = {isa = PBXBuildFile; fileRef = A2F7388C27CE1B4C0053486E /* LaunchScreen.storyboard */; };
		FE7393E0C7645FD0A4C0904D /* Pods_SourdoughIOT.framework in Frameworks */ = {isa = PBXBuildFile; fileRef = 8E23854D0F7A8770C9CED4E4 /* Pods_SourdoughIOT.framework */; };
/* End PBXBuildFile section */

/* Begin PBXFileReference section */
		8E23854D0F7A8770C9CED4E4 /* Pods_SourdoughIOT.framework */ = {isa = PBXFileReference; explicitFileType = wrapper.framework; includeInIndex = 0; path = Pods_SourdoughIOT.framework; sourceTree = BUILT_PRODUCTS_DIR; };
		996F1BE8C20D9335EDBABB75 /* Pods-SourdoughIOT.release.xcconfig */ = {isa = PBXFileReference; includeInIndex = 1; lastKnownFileType = text.xcconfig; name = "Pods-SourdoughIOT.release.xcconfig"; path = "Target Support Files/Pods-SourdoughIOT/Pods-SourdoughIOT.release.xcconfig"; sourceTree = "<group>"; };
		A29553B327DD504C0072EE9C /* RiseMonitorViewController.swift */ = {isa = PBXFileReference; lastKnownFileType = sourcecode.swift; path = RiseMonitorViewController.swift; sourceTree = "<group>"; };
		A2F7387E27CE1B480053486E /* SourdoughIOT.app */ = {isa = PBXFileReference; explicitFileType = wrapper.application; includeInIndex = 0; path = SourdoughIOT.app; sourceTree = BUILT_PRODUCTS_DIR; };
		A2F7388127CE1B480053486E /* AppDelegate.swift */ = {isa = PBXFileReference; lastKnownFileType = sourcecode.swift; path = AppDelegate.swift; sourceTree = "<group>"; };
		A2F7388327CE1B480053486E /* SceneDelegate.swift */ = {isa = PBXFileReference; lastKnownFileType = sourcecode.swift; path = SceneDelegate.swift; sourceTree = "<group>"; };
		A2F7388527CE1B480053486E /* ViewController.swift */ = {isa = PBXFileReference; lastKnownFileType = sourcecode.swift; path = ViewController.swift; sourceTree = "<group>"; };
		A2F7388827CE1B480053486E /* Base */ = {isa = PBXFileReference; lastKnownFileType = file.storyboard; name = Base; path = Base.lproj/Main.storyboard; sourceTree = "<group>"; };
		A2F7388A27CE1B4C0053486E /* Assets.xcassets */ = {isa = PBXFileReference; lastKnownFileType = folder.assetcatalog; path = Assets.xcassets; sourceTree = "<group>"; };
		A2F7388D27CE1B4C0053486E /* Base */ = {isa = PBXFileReference; lastKnownFileType = file.storyboard; name = Base; path = Base.lproj/LaunchScreen.storyboard; sourceTree = "<group>"; };
		A2F7388F27CE1B4C0053486E /* Info.plist */ = {isa = PBXFileReference; lastKnownFileType = text.plist.xml; path = Info.plist; sourceTree = "<group>"; };
		A325BDC9B9396272F9168C98 /* Pods-SourdoughIOT.debug.xcconfig */ = {isa = PBXFileReference; includeInIndex = 1; lastKnownFileType = text.xcconfig; name = "Pods-SourdoughIOT.debug.xcconfig"; path = "Target Support Files/Pods-SourdoughIOT/Pods-SourdoughIOT.debug.xcconfig"; sourceTree = "<group>"; };
/* End PBXFileReference section */

/* Begin PBXFrameworksBuildPhase section */
		A2F7387B27CE1B480053486E /* Frameworks */ = {
			isa = PBXFrameworksBuildPhase;
			buildActionMask = 2147483647;
			files = (
				FE7393E0C7645FD0A4C0904D /* Pods_SourdoughIOT.framework in Frameworks */,
			);
			runOnlyForDeploymentPostprocessing = 0;
		};
/* End PBXFrameworksBuildPhase section */

/* Begin PBXGroup section */
		8F545BDAA15DAD3DFBC69E05 /* Pods */ = {
			isa = PBXGroup;
			children = (
				A325BDC9B9396272F9168C98 /* Pods-SourdoughIOT.debug.xcconfig */,
				996F1BE8C20D9335EDBABB75 /* Pods-SourdoughIOT.release.xcconfig */,
			);
			path = Pods;
			sourceTree = "<group>";
		};
		A2F7387527CE1B480053486E = {
			isa = PBXGroup;
			children = (
				A2F7388027CE1B480053486E /* SourdoughIOT */,
				A2F7387F27CE1B480053486E /* Products */,
				8F545BDAA15DAD3DFBC69E05 /* Pods */,
				F5A07DE42A7244E8A0927B92 /* Frameworks */,
			);
			sourceTree = "<group>";
		};
		A2F7387F27CE1B480053486E /* Products */ = {
			isa = PBXGroup;
			children = (
				A2F7387E27CE1B480053486E /* SourdoughIOT.app */,
			);
			name = Products;
			sourceTree = "<group>";
		};
		A2F7388027CE1B480053486E /* SourdoughIOT */ = {
			isa = PBXGroup;
			children = (
				A2F7388127CE1B480053486E /* AppDelegate.swift */,
				A2F7388327CE1B480053486E /* SceneDelegate.swift */,
				A2F7388527CE1B480053486E /* ViewController.swift */,
				A2F7388727CE1B480053486E /* Main.storyboard */,
				A29553B327DD504C0072EE9C /* RiseMonitorViewController.swift */,
				A2F7388A27CE1B4C0053486E /* Assets.xcassets */,
				A2F7388C27CE1B4C0053486E /* LaunchScreen.storyboard */,
				A2F7388F27CE1B4C0053486E /* Info.plist */,
			);
			path = SourdoughIOT;
			sourceTree = "<group>";
		};
		F5A07DE42A7244E8A0927B92 /* Frameworks */ = {
			isa = PBXGroup;
			children = (
				8E23854D0F7A8770C9CED4E4 /* Pods_SourdoughIOT.framework */,
			);
			name = Frameworks;
			sourceTree = "<group>";
		};
/* End PBXGroup section */

/* Begin PBXNativeTarget section */
		A2F7387D27CE1B480053486E /* SourdoughIOT */ = {
			isa = PBXNativeTarget;
			buildConfigurationList = A2F7389227CE1B4C0053486E /* Build configuration list for PBXNativeTarget "SourdoughIOT" */;
			buildPhases = (
				CEF1A1B5420A6BE648F847A4 /* [CP] Check Pods Manifest.lock */,
				A2F7387A27CE1B480053486E /* Sources */,
				A2F7387B27CE1B480053486E /* Frameworks */,
				A2F7387C27CE1B480053486E /* Resources */,
				B26DD2C6125089C64EE394DC /* [CP] Embed Pods Frameworks */,
			);
			buildRules = (
			);
			dependencies = (
			);
			name = SourdoughIOT;
			productName = SourdoughIOT;
			productReference = A2F7387E27CE1B480053486E /* SourdoughIOT.app */;
			productType = "com.apple.product-type.application";
		};
/* End PBXNativeTarget section */

/* Begin PBXProject section */
		A2F7387627CE1B480053486E /* Project object */ = {
			isa = PBXProject;
			attributes = {
				LastSwiftUpdateCheck = 1140;
				LastUpgradeCheck = 1140;
				ORGANIZATIONNAME = "Anneliese Walsh";
				TargetAttributes = {
					A2F7387D27CE1B480053486E = {
						CreatedOnToolsVersion = 11.4.1;
					};
				};
			};
			buildConfigurationList = A2F7387927CE1B480053486E /* Build configuration list for PBXProject "SourdoughIOT" */;
			compatibilityVersion = "Xcode 9.3";
			developmentRegion = en;
			hasScannedForEncodings = 0;
			knownRegions = (
				en,
				Base,
			);
			mainGroup = A2F7387527CE1B480053486E;
			productRefGroup = A2F7387F27CE1B480053486E /* Products */;
			projectDirPath = "";
			projectRoot = "";
			targets = (
				A2F7387D27CE1B480053486E /* SourdoughIOT */,
			);
		};
/* End PBXProject section */

/* Begin PBXResourcesBuildPhase section */
		A2F7387C27CE1B480053486E /* Resources */ = {
			isa = PBXResourcesBuildPhase;
			buildActionMask = 2147483647;
			files = (
				A2F7388E27CE1B4C0053486E /* LaunchScreen.storyboard in Resources */,
				A2F7388B27CE1B4C0053486E /* Assets.xcassets in Resources */,
				A2F7388927CE1B480053486E /* Main.storyboard in Resources */,
			);
			runOnlyForDeploymentPostprocessing = 0;
		};
/* End PBXResourcesBuildPhase section */

/* Begin PBXShellScriptBuildPhase section */
		B26DD2C6125089C64EE394DC /* [CP] Embed Pods Frameworks */ = {
			isa = PBXShellScriptBuildPhase;
			buildActionMask = 2147483647;
			files = (
			);
			inputFileListPaths = (
				"${PODS_ROOT}/Target Support Files/Pods-SourdoughIOT/Pods-SourdoughIOT-frameworks-${CONFIGURATION}-input-files.xcfilelist",
			);
			name = "[CP] Embed Pods Frameworks";
			outputFileListPaths = (
				"${PODS_ROOT}/Target Support Files/Pods-SourdoughIOT/Pods-SourdoughIOT-frameworks-${CONFIGURATION}-output-files.xcfilelist",
			);
			runOnlyForDeploymentPostprocessing = 0;
			shellPath = /bin/sh;
			shellScript = "\"${PODS_ROOT}/Target Support Files/Pods-SourdoughIOT/Pods-SourdoughIOT-frameworks.sh\"\n";
			showEnvVarsInLog = 0;
		};
		CEF1A1B5420A6BE648F847A4 /* [CP] Check Pods Manifest.lock */ = {
			isa = PBXShellScriptBuildPhase;
			buildActionMask = 2147483647;
			files = (
			);
			inputFileListPaths = (
			);
			inputPaths = (
				"${PODS_PODFILE_DIR_PATH}/Podfile.lock",
				"${PODS_ROOT}/Manifest.lock",
			);
			name = "[CP] Check Pods Manifest.lock";
			outputFileListPaths = (
			);
			outputPaths = (
				"$(DERIVED_FILE_DIR)/Pods-SourdoughIOT-checkManifestLockResult.txt",
			);
			runOnlyForDeploymentPostprocessing = 0;
			shellPath = /bin/sh;
			shellScript = "diff \"${PODS_PODFILE_DIR_PATH}/Podfile.lock\" \"${PODS_ROOT}/Manifest.lock\" > /dev/null\nif [ $? != 0 ] ; then\n    # print error to STDERR\n    echo \"error: The sandbox is not in sync with the Podfile.lock. Run 'pod install' or update your CocoaPods installation.\" >&2\n    exit 1\nfi\n# This output is used by Xcode 'outputs' to avoid re-running this script phase.\necho \"SUCCESS\" > \"${SCRIPT_OUTPUT_FILE_0}\"\n";
			showEnvVarsInLog = 0;
		};
/* End PBXShellScriptBuildPhase section */

/* Begin PBXSourcesBuildPhase section */
		A2F7387A27CE1B480053486E /* Sources */ = {
			isa = PBXSourcesBuildPhase;
			buildActionMask = 2147483647;
			files = (
				A29553B427DD504C0072EE9C /* RiseMonitorViewController.swift in Sources */,
				A2F7388627CE1B480053486E /* ViewController.swift in Sources */,
				A2F7388227CE1B480053486E /* AppDelegate.swift in Sources */,
				A2F7388427CE1B480053486E /* SceneDelegate.swift in Sources */,
			);
			runOnlyForDeploymentPostprocessing = 0;
		};
/* End PBXSourcesBuildPhase section */

/* Begin PBXVariantGroup section */
		A2F7388727CE1B480053486E /* Main.storyboard */ = {
			isa = PBXVariantGroup;
			children = (
				A2F7388827CE1B480053486E /* Base */,
			);
			name = Main.storyboard;
			sourceTree = "<group>";
		};
		A2F7388C27CE1B4C0053486E /* LaunchScreen.storyboard */ = {
			isa = PBXVariantGroup;
			children = (
				A2F7388D27CE1B4C0053486E /* Base */,
			);
			name = LaunchScreen.storyboard;
			sourceTree = "<group>";
		};
/* End PBXVariantGroup section */

/* Begin XCBuildConfiguration section */
		A2F7389027CE1B4C0053486E /* Debug */ = {
			isa = XCBuildConfiguration;
			buildSettings = {
				ALWAYS_SEARCH_USER_PATHS = NO;
				CLANG_ANALYZER_NONNULL = YES;
				CLANG_ANALYZER_NUMBER_OBJECT_CONVERSION = YES_AGGRESSIVE;
				CLANG_CXX_LANGUAGE_STANDARD = "gnu++14";
				CLANG_CXX_LIBRARY = "libc++";
				CLANG_ENABLE_MODULES = YES;
				CLANG_ENABLE_OBJC_ARC = YES;
				CLANG_ENABLE_OBJC_WEAK = YES;
				CLANG_WARN_BLOCK_CAPTURE_AUTORELEASING = YES;
				CLANG_WARN_BOOL_CONVERSION = YES;
				CLANG_WARN_COMMA = YES;
				CLANG_WARN_CONSTANT_CONVERSION = YES;
				CLANG_WARN_DEPRECATED_OBJC_IMPLEMENTATIONS = YES;
				CLANG_WARN_DIRECT_OBJC_ISA_USAGE = YES_ERROR;
				CLANG_WARN_DOCUMENTATION_COMMENTS = YES;
				CLANG_WARN_EMPTY_BODY = YES;
				CLANG_WARN_ENUM_CONVERSION = YES;
				CLANG_WARN_INFINITE_RECURSION = YES;
				CLANG_WARN_INT_CONVERSION = YES;
				CLANG_WARN_NON_LITERAL_NULL_CONVERSION = YES;
				CLANG_WARN_OBJC_IMPLICIT_RETAIN_SELF = YES;
				CLANG_WARN_OBJC_LITERAL_CONVERSION = YES;
				CLANG_WARN_OBJC_ROOT_CLASS = YES_ERROR;
				CLANG_WARN_RANGE_LOOP_ANALYSIS = YES;
				CLANG_WARN_STRICT_PROTOTYPES = YES;
				CLANG_WARN_SUSPICIOUS_MOVE = YES;
				CLANG_WARN_UNGUARDED_AVAILABILITY = YES_AGGRESSIVE;
				CLANG_WARN_UNREACHABLE_CODE = YES;
				CLANG_WARN__DUPLICATE_METHOD_MATCH = YES;
				COPY_PHASE_STRIP = NO;
				DEBUG_INFORMATION_FORMAT = dwarf;
				ENABLE_STRICT_OBJC_MSGSEND = YES;
				ENABLE_TESTABILITY = YES;
				GCC_C_LANGUAGE_STANDARD = gnu11;
				GCC_DYNAMIC_NO_PIC = NO;
				GCC_NO_COMMON_BLOCKS = YES;
				GCC_OPTIMIZATION_LEVEL = 0;
				GCC_PREPROCESSOR_DEFINITIONS = (
					"DEBUG=1",
					"$(inherited)",
				);
				GCC_WARN_64_TO_32_BIT_CONVERSION = YES;
				GCC_WARN_ABOUT_RETURN_TYPE = YES_ERROR;
				GCC_WARN_UNDECLARED_SELECTOR = YES;
				GCC_WARN_UNINITIALIZED_AUTOS = YES_AGGRESSIVE;
				GCC_WARN_UNUSED_FUNCTION = YES;
				GCC_WARN_UNUSED_VARIABLE = YES;
				IPHONEOS_DEPLOYMENT_TARGET = 13.4;
				MTL_ENABLE_DEBUG_INFO = INCLUDE_SOURCE;
				MTL_FAST_MATH = YES;
				ONLY_ACTIVE_ARCH = YES;
				SDKROOT = iphoneos;
				SWIFT_ACTIVE_COMPILATION_CONDITIONS = DEBUG;
				SWIFT_OPTIMIZATION_LEVEL = "-Onone";
			};
			name = Debug;
		};
		A2F7389127CE1B4C0053486E /* Release */ = {
			isa = XCBuildConfiguration;
			buildSettings = {
				ALWAYS_SEARCH_USER_PATHS = NO;
				CLANG_ANALYZER_NONNULL = YES;
				CLANG_ANALYZER_NUMBER_OBJECT_CONVERSION = YES_AGGRESSIVE;
				CLANG_CXX_LANGUAGE_STANDARD = "gnu++14";
				CLANG_CXX_LIBRARY = "libc++";
				CLANG_ENABLE_MODULES = YES;
				CLANG_ENABLE_OBJC_ARC = YES;
				CLANG_ENABLE_OBJC_WEAK = YES;
				CLANG_WARN_BLOCK_CAPTURE_AUTORELEASING = YES;
				CLANG_WARN_BOOL_CONVERSION = YES;
				CLANG_WARN_COMMA = YES;
				CLANG_WARN_CONSTANT_CONVERSION = YES;
				CLANG_WARN_DEPRECATED_OBJC_IMPLEMENTATIONS = YES;
				CLANG_WARN_DIRECT_OBJC_ISA_USAGE = YES_ERROR;
				CLANG_WARN_DOCUMENTATION_COMMENTS = YES;
				CLANG_WARN_EMPTY_BODY = YES;
				CLANG_WARN_ENUM_CONVERSION = YES;
				CLANG_WARN_INFINITE_RECURSION = YES;
				CLANG_WARN_INT_CONVERSION = YES;
				CLANG_WARN_NON_LITERAL_NULL_CONVERSION = YES;
				CLANG_WARN_OBJC_IMPLICIT_RETAIN_SELF = YES;
				CLANG_WARN_OBJC_LITERAL_CONVERSION = YES;
				CLANG_WARN_OBJC_ROOT_CLASS = YES_ERROR;
				CLANG_WARN_RANGE_LOOP_ANALYSIS = YES;
				CLANG_WARN_STRICT_PROTOTYPES = YES;
				CLANG_WARN_SUSPICIOUS_MOVE = YES;
				CLANG_WARN_UNGUARDED_AVAILABILITY = YES_AGGRESSIVE;
				CLANG_WARN_UNREACHABLE_CODE = YES;
				CLANG_WARN__DUPLICATE_METHOD_MATCH = YES;
				COPY_PHASE_STRIP = NO;
				DEBUG_INFORMATION_FORMAT = "dwarf-with-dsym";
				ENABLE_NS_ASSERTIONS = NO;
				ENABLE_STRICT_OBJC_MSGSEND = YES;
				GCC_C_LANGUAGE_STANDARD = gnu11;
				GCC_NO_COMMON_BLOCKS = YES;
				GCC_WARN_64_TO_32_BIT_CONVERSION = YES;
				GCC_WARN_ABOUT_RETURN_TYPE = YES_ERROR;
				GCC_WARN_UNDECLARED_SELECTOR = YES;
				GCC_WARN_UNINITIALIZED_AUTOS = YES_AGGRESSIVE;
				GCC_WARN_UNUSED_FUNCTION = YES;
				GCC_WARN_UNUSED_VARIABLE = YES;
				IPHONEOS_DEPLOYMENT_TARGET = 13.4;
				MTL_ENABLE_DEBUG_INFO = NO;
				MTL_FAST_MATH = YES;
				SDKROOT = iphoneos;
				SWIFT_COMPILATION_MODE = wholemodule;
				SWIFT_OPTIMIZATION_LEVEL = "-O";
				VALIDATE_PRODUCT = YES;
			};
			name = Release;
		};
		A2F7389327CE1B4C0053486E /* Debug */ = {
			isa = XCBuildConfiguration;
			baseConfigurationReference = A325BDC9B9396272F9168C98 /* Pods-SourdoughIOT.debug.xcconfig */;
			buildSettings = {
				ASSETCATALOG_COMPILER_APPICON_NAME = AppIcon;
				CODE_SIGN_STYLE = Automatic;
				DEVELOPMENT_TEAM = 8CUW7CTY4T;
				INFOPLIST_FILE = SourdoughIOT/Info.plist;
				LD_RUNPATH_SEARCH_PATHS = (
					"$(inherited)",
					"@executable_path/Frameworks",
				);
				PRODUCT_BUNDLE_IDENTIFIER = com.hello12345;
				PRODUCT_NAME = "$(TARGET_NAME)";
				SWIFT_VERSION = 5.0;
				TARGETED_DEVICE_FAMILY = "1,2";
			};
			name = Debug;
		};
		A2F7389427CE1B4C0053486E /* Release */ = {
			isa = XCBuildConfiguration;
			baseConfigurationReference = 996F1BE8C20D9335EDBABB75 /* Pods-SourdoughIOT.release.xcconfig */;
			buildSettings = {
				ASSETCATALOG_COMPILER_APPICON_NAME = AppIcon;
				CODE_SIGN_STYLE = Automatic;
				DEVELOPMENT_TEAM = 8CUW7CTY4T;
				INFOPLIST_FILE = SourdoughIOT/Info.plist;
				LD_RUNPATH_SEARCH_PATHS = (
					"$(inherited)",
					"@executable_path/Frameworks",
				);
				PRODUCT_BUNDLE_IDENTIFIER = com.hello12345;
				PRODUCT_NAME = "$(TARGET_NAME)";
				SWIFT_VERSION = 5.0;
				TARGETED_DEVICE_FAMILY = "1,2";
			};
			name = Release;
		};
/* End XCBuildConfiguration section */

/* Begin XCConfigurationList section */
		A2F7387927CE1B480053486E /* Build configuration list for PBXProject "SourdoughIOT" */ = {
			isa = XCConfigurationList;
			buildConfigurations = (
				A2F7389027CE1B4C0053486E /* Debug */,
				A2F7389127CE1B4C0053486E /* Release */,
			);
			defaultConfigurationIsVisible = 0;
			defaultConfigurationName = Release;
		};
		A2F7389227CE1B4C0053486E /* Build configuration list for PBXNativeTarget "SourdoughIOT" */ = {
			isa = XCConfigurationList;
			buildConfigurations = (
				A2F7389327CE1B4C0053486E /* Debug */,
				A2F7389427CE1B4C0053486E /* Release */,
			);
			defaultConfigurationIsVisible = 0;
			defaultConfigurationName = Release;
		};
/* End XCConfigurationList section */
	};
	rootObject = A2F7387627CE1B480053486E /* Project object */;
}
